
Microsoft Visual Studio Solution File, Format Version 12.00
# Visual Studio Version 17
VisualStudioVersion = 17.2.32616.157
MinimumVisualStudioVersion = 10.0.40219.1
Project("{FAE04EC0-301F-11D3-BF4B-00C04F79EFBC}") = "CRUDOp1", "CRUDOp1\CRUDOp1.csproj", "{A71C7C98-60BB-4C7B-B91D-89022F5896FC}"
EndProject
Global
	GlobalSection(SolutionConfigurationPlatforms) = preSolution
		Debug|Any CPU = Debug|Any CPU
		Release|Any CPU = Release|Any CPU
	EndGlobalSection
	GlobalSection(ProjectConfigurationPlatforms) = postSolution
		{A71C7C98-60BB-4C7B-B91D-89022F5896FC}.Debug|Any CPU.ActiveCfg = Debug|Any CPU
		{A71C7C98-60BB-4C7B-B91D-89022F5896FC}.Debug|Any CPU.Build.0 = Debug|Any CPU
		{A71C7C98-60BB-4C7B-B91D-89022F5896FC}.Release|Any CPU.ActiveCfg = Release|Any CPU
		{A71C7C98-60BB-4C7B-B91D-89022F5896FC}.Release|Any CPU.Build.0 = Release|Any CPU
	EndGlobalSection
	GlobalSection(SolutionProperties) = preSolution
		HideSolutionNode = FALSE
	EndGlobalSection
	GlobalSection(ExtensibilityGlobals) = postSolution
		SolutionGuid = {AE18257B-CB1D-42D6-875F-97A3F2FD1E3E}
	EndGlobalSection
EndGlobal
